// !$*UTF8*$!
{
	archiveVersion = 1;
	classes = {
	};
	objectVersion = 46;
	objects = {

/* Begin PBXBuildFile section */
		332959121A03325A00E31E6D /* AppDelegate.swift in Sources */ = {isa = PBXBuildFile; fileRef = 332959111A03325A00E31E6D /* AppDelegate.swift */; };
		332959141A03325A00E31E6D /* ViewController.swift in Sources */ = {isa = PBXBuildFile; fileRef = 332959131A03325A00E31E6D /* ViewController.swift */; };
		332959171A03325A00E31E6D /* Main.storyboard in Resources */ = {isa = PBXBuildFile; fileRef = 332959151A03325A00E31E6D /* Main.storyboard */; };
		332959191A03325A00E31E6D /* Images.xcassets in Resources */ = {isa = PBXBuildFile; fileRef = 332959181A03325A00E31E6D /* Images.xcassets */; };
		3329591C1A03325A00E31E6D /* LaunchScreen.xib in Resources */ = {isa = PBXBuildFile; fileRef = 3329591A1A03325A00E31E6D /* LaunchScreen.xib */; };
		332959281A03325A00E31E6D /* F2ClassRosterTests.swift in Sources */ = {isa = PBXBuildFile; fileRef = 332959271A03325A00E31E6D /* F2ClassRosterTests.swift */; };
/* End PBXBuildFile section */

/* Begin PBXContainerItemProxy section */
		332959221A03325A00E31E6D /* PBXContainerItemProxy */ = {
			isa = PBXContainerItemProxy;
			containerPortal = 332959041A03325A00E31E6D /* Project object */;
			proxyType = 1;
			remoteGlobalIDString = 3329590B1A03325A00E31E6D;
			remoteInfo = F2ClassRoster;
		};
/* End PBXContainerItemProxy section */

/* Begin PBXFileReference section */
		3329590C1A03325A00E31E6D /* F2ClassRoster.app */ = {isa = PBXFileReference; explicitFileType = wrapper.application; includeInIndex = 0; path = F2ClassRoster.app; sourceTree = BUILT_PRODUCTS_DIR; };
		332959101A03325A00E31E6D /* Info.plist */ = {isa = PBXFileReference; lastKnownFileType = text.plist.xml; path = Info.plist; sourceTree = "<group>"; };
		332959111A03325A00E31E6D /* AppDelegate.swift */ = {isa = PBXFileReference; lastKnownFileType = sourcecode.swift; path = AppDelegate.swift; sourceTree = "<group>"; };
		332959131A03325A00E31E6D /* ViewController.swift */ = {isa = PBXFileReference; lastKnownFileType = sourcecode.swift; path = ViewController.swift; sourceTree = "<group>"; };
		332959161A03325A00E31E6D /* Base */ = {isa = PBXFileReference; lastKnownFileType = file.storyboard; name = Base; path = Base.lproj/Main.storyboard; sourceTree = "<group>"; };
		332959181A03325A00E31E6D /* Images.xcassets */ = {isa = PBXFileReference; lastKnownFileType = folder.assetcatalog; path = Images.xcassets; sourceTree = "<group>"; };
		3329591B1A03325A00E31E6D /* Base */ = {isa = PBXFileReference; lastKnownFileType = file.xib; name = Base; path = Base.lproj/LaunchScreen.xib; sourceTree = "<group>"; };
		332959211A03325A00E31E6D /* F2ClassRosterTests.xctest */ = {isa = PBXFileReference; explicitFileType = wrapper.cfbundle; includeInIndex = 0; path = F2ClassRosterTests.xctest; sourceTree = BUILT_PRODUCTS_DIR; };
		332959261A03325A00E31E6D /* Info.plist */ = {isa = PBXFileReference; lastKnownFileType = text.plist.xml; path = Info.plist; sourceTree = "<group>"; };
		332959271A03325A00E31E6D /* F2ClassRosterTests.swift */ = {isa = PBXFileReference; lastKnownFileType = sourcecode.swift; path = F2ClassRosterTests.swift; sourceTree = "<group>"; };
/* End PBXFileReference section */

/* Begin PBXFrameworksBuildPhase section */
		332959091A03325A00E31E6D /* Frameworks */ = {
			isa = PBXFrameworksBuildPhase;
			buildActionMask = 2147483647;
			files = (
			);
			runOnlyForDeploymentPostprocessing = 0;
		};
		3329591E1A03325A00E31E6D /* Frameworks */ = {
			isa = PBXFrameworksBuildPhase;
			buildActionMask = 2147483647;
			files = (
			);
			runOnlyForDeploymentPostprocessing = 0;
		};
/* End PBXFrameworksBuildPhase section */

/* Begin PBXGroup section */
		332959031A03325A00E31E6D = {
			isa = PBXGroup;
			children = (
				3329590E1A03325A00E31E6D /* F2ClassRoster */,
				332959241A03325A00E31E6D /* F2ClassRosterTests */,
				3329590D1A03325A00E31E6D /* Products */,
			);
			sourceTree = "<group>";
		};
		3329590D1A03325A00E31E6D /* Products */ = {
			isa = PBXGroup;
			children = (
				3329590C1A03325A00E31E6D /* F2ClassRoster.app */,
				332959211A03325A00E31E6D /* F2ClassRosterTests.xctest */,
			);
			name = Products;
			sourceTree = "<group>";
		};
		3329590E1A03325A00E31E6D /* F2ClassRoster */ = {
			isa = PBXGroup;
			children = (
				332959331A03332C00E31E6D /* View Layer */,
				332959321A03332000E31E6D /* Model Layer */,
				332959311A03330900E31E6D /* Controller Layer */,
				3329590F1A03325A00E31E6D /* Supporting Files */,
			);
			path = F2ClassRoster;
			sourceTree = "<group>";
		};
		3329590F1A03325A00E31E6D /* Supporting Files */ = {
			isa = PBXGroup;
			children = (
				332959101A03325A00E31E6D /* Info.plist */,
			);
			name = "Supporting Files";
			sourceTree = "<group>";
		};
		332959241A03325A00E31E6D /* F2ClassRosterTests */ = {
			isa = PBXGroup;
			children = (
				332959271A03325A00E31E6D /* F2ClassRosterTests.swift */,
				332959251A03325A00E31E6D /* Supporting Files */,
			);
			path = F2ClassRosterTests;
			sourceTree = "<group>";
		};
		332959251A03325A00E31E6D /* Supporting Files */ = {
			isa = PBXGroup;
			children = (
				332959261A03325A00E31E6D /* Info.plist */,
			);
			name = "Supporting Files";
			sourceTree = "<group>";
		};
		332959311A03330900E31E6D /* Controller Layer */ = {
			isa = PBXGroup;
			children = (
				332959111A03325A00E31E6D /* AppDelegate.swift */,
				332959131A03325A00E31E6D /* ViewController.swift */,
			);
			name = "Controller Layer";
			sourceTree = "<group>";
		};
		332959321A03332000E31E6D /* Model Layer */ = {
			isa = PBXGroup;
			children = (
			);
			name = "Model Layer";
			sourceTree = "<group>";
		};
		332959331A03332C00E31E6D /* View Layer */ = {
			isa = PBXGroup;
			children = (
				3329591A1A03325A00E31E6D /* LaunchScreen.xib */,
				332959181A03325A00E31E6D /* Images.xcassets */,
				332959151A03325A00E31E6D /* Main.storyboard */,
			);
			name = "View Layer";
			sourceTree = "<group>";
		};
/* End PBXGroup section */

/* Begin PBXNativeTarget section */
		3329590B1A03325A00E31E6D /* F2ClassRoster */ = {
			isa = PBXNativeTarget;
			buildConfigurationList = 3329592B1A03325A00E31E6D /* Build configuration list for PBXNativeTarget "F2ClassRoster" */;
			buildPhases = (
				332959081A03325A00E31E6D /* Sources */,
				332959091A03325A00E31E6D /* Frameworks */,
				3329590A1A03325A00E31E6D /* Resources */,
			);
			buildRules = (
			);
			dependencies = (
			);
			name = F2ClassRoster;
			productName = F2ClassRoster;
			productReference = 3329590C1A03325A00E31E6D /* F2ClassRoster.app */;
			productType = "com.apple.product-type.application";
		};
		332959201A03325A00E31E6D /* F2ClassRosterTests */ = {
			isa = PBXNativeTarget;
			buildConfigurationList = 3329592E1A03325A00E31E6D /* Build configuration list for PBXNativeTarget "F2ClassRosterTests" */;
			buildPhases = (
				3329591D1A03325A00E31E6D /* Sources */,
				3329591E1A03325A00E31E6D /* Frameworks */,
				3329591F1A03325A00E31E6D /* Resources */,
			);
			buildRules = (
			);
			dependencies = (
				332959231A03325A00E31E6D /* PBXTargetDependency */,
			);
			name = F2ClassRosterTests;
			productName = F2ClassRosterTests;
			productReference = 332959211A03325A00E31E6D /* F2ClassRosterTests.xctest */;
			productType = "com.apple.product-type.bundle.unit-test";
		};
/* End PBXNativeTarget section */

/* Begin PBXProject section */
		332959041A03325A00E31E6D /* Project object */ = {
			isa = PBXProject;
			attributes = {
				LastUpgradeCheck = 0610;
				ORGANIZATIONNAME = "Lance Park";
				TargetAttributes = {
					3329590B1A03325A00E31E6D = {
						CreatedOnToolsVersion = 6.1;
					};
					332959201A03325A00E31E6D = {
						CreatedOnToolsVersion = 6.1;
						TestTargetID = 3329590B1A03325A00E31E6D;
					};
				};
			};
			buildConfigurationList = 332959071A03325A00E31E6D /* Build configuration list for PBXProject "F2ClassRoster" */;
			compatibilityVersion = "Xcode 3.2";
			developmentRegion = English;
			hasScannedForEncodings = 0;
			knownRegions = (
				en,
				Base,
			);
			mainGroup = 332959031A03325A00E31E6D;
			productRefGroup = 3329590D1A03325A00E31E6D /* Products */;
			projectDirPath = "";
			projectRoot = "";
			targets = (
				3329590B1A03325A00E31E6D /* F2ClassRoster */,
				332959201A03325A00E31E6D /* F2ClassRosterTests */,
			);
		};
/* End PBXProject section */

/* Begin PBXResourcesBuildPhase section */
		3329590A1A03325A00E31E6D /* Resources */ = {
			isa = PBXResourcesBuildPhase;
			buildActionMask = 2147483647;
			files = (
				332959171A03325A00E31E6D /* Main.storyboard in Resources */,
				3329591C1A03325A00E31E6D /* LaunchScreen.xib in Resources */,
				332959191A03325A00E31E6D /* Images.xcassets in Resources */,
			);
			runOnlyForDeploymentPostprocessing = 0;
		};
		3329591F1A03325A00E31E6D /* Resources */ = {
			isa = PBXResourcesBuildPhase;
			buildActionMask = 2147483647;
			files = (
			);
			runOnlyForDeploymentPostprocessing = 0;
		};
/* End PBXResourcesBuildPhase section */

/* Begin PBXSourcesBuildPhase section */
		332959081A03325A00E31E6D /* Sources */ = {
			isa = PBXSourcesBuildPhase;
			buildActionMask = 2147483647;
			files = (
				332959141A03325A00E31E6D /* ViewController.swift in Sources */,
				332959121A03325A00E31E6D /* AppDelegate.swift in Sources */,
			);
			runOnlyForDeploymentPostprocessing = 0;
		};
		3329591D1A03325A00E31E6D /* Sources */ = {
			isa = PBXSourcesBuildPhase;
			buildActionMask = 2147483647;
			files = (
				332959281A03325A00E31E6D /* F2ClassRosterTests.swift in Sources */,
			);
			runOnlyForDeploymentPostprocessing = 0;
		};
/* End PBXSourcesBuildPhase section */

/* Begin PBXTargetDependency section */
		332959231A03325A00E31E6D /* PBXTargetDependency */ = {
			isa = PBXTargetDependency;
			target = 3329590B1A03325A00E31E6D /* F2ClassRoster */;
			targetProxy = 332959221A03325A00E31E6D /* PBXContainerItemProxy */;
		};
/* End PBXTargetDependency section */

/* Begin PBXVariantGroup section */
		332959151A03325A00E31E6D /* Main.storyboard */ = {
			isa = PBXVariantGroup;
			children = (
				332959161A03325A00E31E6D /* Base */,
			);
			name = Main.storyboard;
			sourceTree = "<group>";
		};
		3329591A1A03325A00E31E6D /* LaunchScreen.xib */ = {
			isa = PBXVariantGroup;
			children = (
				3329591B1A03325A00E31E6D /* Base */,
			);
			name = LaunchScreen.xib;
			sourceTree = "<group>";
		};
/* End PBXVariantGroup section */

/* Begin XCBuildConfiguration section */
		332959291A03325A00E31E6D /* Debug */ = {
			isa = XCBuildConfiguration;
			buildSettings = {
				ALWAYS_SEARCH_USER_PATHS = NO;
				CLANG_CXX_LANGUAGE_STANDARD = "gnu++0x";
				CLANG_CXX_LIBRARY = "libc++";
				CLANG_ENABLE_MODULES = YES;
				CLANG_ENABLE_OBJC_ARC = YES;
				CLANG_WARN_BOOL_CONVERSION = YES;
				CLANG_WARN_CONSTANT_CONVERSION = YES;
				CLANG_WARN_DIRECT_OBJC_ISA_USAGE = YES_ERROR;
				CLANG_WARN_EMPTY_BODY = YES;
				CLANG_WARN_ENUM_CONVERSION = YES;
				CLANG_WARN_INT_CONVERSION = YES;
				CLANG_WARN_OBJC_ROOT_CLASS = YES_ERROR;
				CLANG_WARN_UNREACHABLE_CODE = YES;
				CLANG_WARN__DUPLICATE_METHOD_MATCH = YES;
				"CODE_SIGN_IDENTITY[sdk=iphoneos*]" = "iPhone Developer";
				COPY_PHASE_STRIP = NO;
				ENABLE_STRICT_OBJC_MSGSEND = YES;
				GCC_C_LANGUAGE_STANDARD = gnu99;
				GCC_DYNAMIC_NO_PIC = NO;
				GCC_OPTIMIZATION_LEVEL = 0;
				GCC_PREPROCESSOR_DEFINITIONS = (
					"DEBUG=1",
					"$(inherited)",
				);
				GCC_SYMBOLS_PRIVATE_EXTERN = NO;
				GCC_WARN_64_TO_32_BIT_CONVERSION = YES;
				GCC_WARN_ABOUT_RETURN_TYPE = YES_ERROR;
				GCC_WARN_UNDECLARED_SELECTOR = YES;
				GCC_WARN_UNINITIALIZED_AUTOS = YES_AGGRESSIVE;
				GCC_WARN_UNUSED_FUNCTION = YES;
				GCC_WARN_UNUSED_VARIABLE = YES;
				IPHONEOS_DEPLOYMENT_TARGET = 8.1;
				MTL_ENABLE_DEBUG_INFO = YES;
				ONLY_ACTIVE_ARCH = YES;
				SDKROOT = iphoneos;
				SWIFT_OPTIMIZATION_LEVEL = "-Onone";
			};
			name = Debug;
		};
		3329592A1A03325A00E31E6D /* Release */ = {
			isa = XCBuildConfiguration;
			buildSettings = {
				ALWAYS_SEARCH_USER_PATHS = NO;
				CLANG_CXX_LANGUAGE_STANDARD = "gnu++0x";
				CLANG_CXX_LIBRARY = "libc++";
				CLANG_ENABLE_MODULES = YES;
				CLANG_ENABLE_OBJC_ARC = YES;
				CLANG_WARN_BOOL_CONVERSION = YES;
				CLANG_WARN_CONSTANT_CONVERSION = YES;
				CLANG_WARN_DIRECT_OBJC_ISA_USAGE = YES_ERROR;
				CLANG_WARN_EMPTY_BODY = YES;
				CLANG_WARN_ENUM_CONVERSION = YES;
				CLANG_WARN_INT_CONVERSION = YES;
				CLANG_WARN_OBJC_ROOT_CLASS = YES_ERROR;
				CLANG_WARN_UNREACHABLE_CODE = YES;
				CLANG_WARN__DUPLICATE_METHOD_MATCH = YES;
				"CODE_SIGN_IDENTITY[sdk=iphoneos*]" = "iPhone Developer";
				COPY_PHASE_STRIP = YES;
				ENABLE_NS_ASSERTIONS = NO;
				ENABLE_STRICT_OBJC_MSGSEND = YES;
				GCC_C_LANGUAGE_STANDARD = gnu99;
				GCC_WARN_64_TO_32_BIT_CONVERSION = YES;
				GCC_WARN_ABOUT_RETURN_TYPE = YES_ERROR;
				GCC_WARN_UNDECLARED_SELECTOR = YES;
				GCC_WARN_UNINITIALIZED_AUTOS = YES_AGGRESSIVE;
				GCC_WARN_UNUSED_FUNCTION = YES;
				GCC_WARN_UNUSED_VARIABLE = YES;
				IPHONEOS_DEPLOYMENT_TARGET = 8.1;
				MTL_ENABLE_DEBUG_INFO = NO;
				SDKROOT = iphoneos;
				VALIDATE_PRODUCT = YES;
			};
			name = Release;
		};
		3329592C1A03325A00E31E6D /* Debug */ = {
			isa = XCBuildConfiguration;
			buildSettings = {
				ASSETCATALOG_COMPILER_APPICON_NAME = AppIcon;
				INFOPLIST_FILE = F2ClassRoster/Info.plist;
				LD_RUNPATH_SEARCH_PATHS = "$(inherited) @executable_path/Frameworks";
				PRODUCT_NAME = "$(TARGET_NAME)";
			};
			name = Debug;
		};
		3329592D1A03325A00E31E6D /* Release */ = {
			isa = XCBuildConfiguration;
			buildSettings = {
				ASSETCATALOG_COMPILER_APPICON_NAME = AppIcon;
				INFOPLIST_FILE = F2ClassRoster/Info.plist;
				LD_RUNPATH_SEARCH_PATHS = "$(inherited) @executable_path/Frameworks";
				PRODUCT_NAME = "$(TARGET_NAME)";
			};
			name = Release;
		};
		3329592F1A03325A00E31E6D /* Debug */ = {
			isa = XCBuildConfiguration;
			buildSettings = {
				BUNDLE_LOADER = "$(TEST_HOST)";
				FRAMEWORK_SEARCH_PATHS = (
					"$(SDKROOT)/Developer/Library/Frameworks",
					"$(inherited)",
				);
				GCC_PREPROCESSOR_DEFINITIONS = (
					"DEBUG=1",
					"$(inherited)",
				);
				INFOPLIST_FILE = F2ClassRosterTests/Info.plist;
				LD_RUNPATH_SEARCH_PATHS = "$(inherited) @executable_path/Frameworks @loader_path/Frameworks";
				PRODUCT_NAME = "$(TARGET_NAME)";
				TEST_HOST = "$(BUILT_PRODUCTS_DIR)/F2ClassRoster.app/F2ClassRoster";
			};
			name = Debug;
		};
		332959301A03325A00E31E6D /* Release */ = {
			isa = XCBuildConfiguration;
			buildSettings = {
				BUNDLE_LOADER = "$(TEST_HOST)";
				FRAMEWORK_SEARCH_PATHS = (
					"$(SDKROOT)/Developer/Library/Frameworks",
					"$(inherited)",
				);
				INFOPLIST_FILE = F2ClassRosterTests/Info.plist;
				LD_RUNPATH_SEARCH_PATHS = "$(inherited) @executable_path/Frameworks @loader_path/Frameworks";
				PRODUCT_NAME = "$(TARGET_NAME)";
				TEST_HOST = "$(BUILT_PRODUCTS_DIR)/F2ClassRoster.app/F2ClassRoster";
			};
			name = Release;
		};
/* End XCBuildConfiguration section */

/* Begin XCConfigurationList section */
		332959071A03325A00E31E6D /* Build configuration list for PBXProject "F2ClassRoster" */ = {
			isa = XCConfigurationList;
			buildConfigurations = (
				332959291A03325A00E31E6D /* Debug */,
				3329592A1A03325A00E31E6D /* Release */,
			);
			defaultConfigurationIsVisible = 0;
			defaultConfigurationName = Release;
		};
		3329592B1A03325A00E31E6D /* Build configuration list for PBXNativeTarget "F2ClassRoster" */ = {
			isa = XCConfigurationList;
			buildConfigurations = (
				3329592C1A03325A00E31E6D /* Debug */,
				3329592D1A03325A00E31E6D /* Release */,
			);
			defaultConfigurationIsVisible = 0;
		};
		3329592E1A03325A00E31E6D /* Build configuration list for PBXNativeTarget "F2ClassRosterTests" */ = {
			isa = XCConfigurationList;
			buildConfigurations = (
				3329592F1A03325A00E31E6D /* Debug */,
				332959301A03325A00E31E6D /* Release */,
			);
			defaultConfigurationIsVisible = 0;
		};
/* End XCConfigurationList section */
	};
	rootObject = 332959041A03325A00E31E6D /* Project object */;
}
